{
  "nodes": {
    "nixpkgs": {
      "locked": {
        "lastModified": 1688786497,
        "narHash": "sha256-eAR/4KjsusW6S/l/oakRX2SEWF1+kbsTl3eybcbmRDY=",
        "owner": "NixOS",
        "repo": "nixpkgs",
        "rev": "292bcc79075cae79cbd9529b3e9355d789c3ddc8",
        "type": "github"
      },
      "original": {
        "owner": "NixOS",
        "ref": "master",
        "repo": "nixpkgs",
        "type": "github"
      }
    },
    "root": {
      "inputs": {
        "nixpkgs": "nixpkgs"
      }
    }
  },
  "root": "root",
  "version": 7
}
