{
  "nodes": {
    "nixpkgs": {
      "locked": {
        "lastModified": 1705107857,
        "narHash": "sha256-86rsYdJrHlKBLIzxHCOQQcIJgf3opZ00WbS/pm4El+Y=",
        "owner": "NixOS",
        "repo": "nixpkgs",
        "rev": "97e55af0ee4fb0e0d8d463610a21a1bbf6e87432",
        "type": "github"
      },
      "original": {
        "owner": "NixOS",
        "ref": "master",
        "repo": "nixpkgs",
        "type": "github"
      }
    },
    "root": {
      "inputs": {
        "nixpkgs": "nixpkgs"
      }
    }
  },
  "root": "root",
  "version": 7
}
