{
  "nodes": {
    "nixpkgs": {
      "locked": {
        "lastModified": 1696934087,
        "narHash": "sha256-PqM13Mny9WHmNIT7HhZfWE+bd3q0QFlWhobh/DEiehg=",
        "owner": "NixOS",
        "repo": "nixpkgs",
        "rev": "147d12908d8b8c68de29976f957b2f87a951ea86",
        "type": "github"
      },
      "original": {
        "owner": "NixOS",
        "ref": "master",
        "repo": "nixpkgs",
        "type": "github"
      }
    },
    "root": {
      "inputs": {
        "nixpkgs": "nixpkgs"
      }
    }
  },
  "root": "root",
  "version": 7
}
